# This file is generated by running "yarn install" inside your project.
# Manual changes might be lost - proceed with caution!

__metadata:
  version: 8
  cacheKey: 10c0

"@biomejs/biome@npm:1.7.2":
  version: 1.7.2
  resolution: "@biomejs/biome@npm:1.7.2"
  dependencies:
    "@biomejs/cli-darwin-arm64": "npm:1.7.2"
    "@biomejs/cli-darwin-x64": "npm:1.7.2"
    "@biomejs/cli-linux-arm64": "npm:1.7.2"
    "@biomejs/cli-linux-arm64-musl": "npm:1.7.2"
    "@biomejs/cli-linux-x64": "npm:1.7.2"
    "@biomejs/cli-linux-x64-musl": "npm:1.7.2"
    "@biomejs/cli-win32-arm64": "npm:1.7.2"
    "@biomejs/cli-win32-x64": "npm:1.7.2"
  dependenciesMeta:
    "@biomejs/cli-darwin-arm64":
      optional: true
    "@biomejs/cli-darwin-x64":
      optional: true
    "@biomejs/cli-linux-arm64":
      optional: true
    "@biomejs/cli-linux-arm64-musl":
      optional: true
    "@biomejs/cli-linux-x64":
      optional: true
    "@biomejs/cli-linux-x64-musl":
      optional: true
    "@biomejs/cli-win32-arm64":
      optional: true
    "@biomejs/cli-win32-x64":
      optional: true
  bin:
    biome: bin/biome
  checksum: 10c0/c0fb7b653db6df2e2338f84c1105847713e60ec5c3737f3bbc7df2dd4b1b02e981af81290808806fe0342e9a530b2a83b1550adf9b96f4cab0d13c188070aaef
  languageName: node
  linkType: hard

"@biomejs/cli-darwin-arm64@npm:1.7.2":
  version: 1.7.2
  resolution: "@biomejs/cli-darwin-arm64@npm:1.7.2"
  conditions: os=darwin & cpu=arm64
  languageName: node
  linkType: hard

"@biomejs/cli-darwin-x64@npm:1.7.2":
  version: 1.7.2
  resolution: "@biomejs/cli-darwin-x64@npm:1.7.2"
  conditions: os=darwin & cpu=x64
  languageName: node
  linkType: hard

"@biomejs/cli-linux-arm64-musl@npm:1.7.2":
  version: 1.7.2
  resolution: "@biomejs/cli-linux-arm64-musl@npm:1.7.2"
  conditions: os=linux & cpu=arm64 & libc=musl
  languageName: node
  linkType: hard

"@biomejs/cli-linux-arm64@npm:1.7.2":
  version: 1.7.2
  resolution: "@biomejs/cli-linux-arm64@npm:1.7.2"
  conditions: os=linux & cpu=arm64 & libc=glibc
  languageName: node
  linkType: hard

"@biomejs/cli-linux-x64-musl@npm:1.7.2":
  version: 1.7.2
  resolution: "@biomejs/cli-linux-x64-musl@npm:1.7.2"
  conditions: os=linux & cpu=x64 & libc=musl
  languageName: node
  linkType: hard

"@biomejs/cli-linux-x64@npm:1.7.2":
  version: 1.7.2
  resolution: "@biomejs/cli-linux-x64@npm:1.7.2"
  conditions: os=linux & cpu=x64 & libc=glibc
  languageName: node
  linkType: hard

"@biomejs/cli-win32-arm64@npm:1.7.2":
  version: 1.7.2
  resolution: "@biomejs/cli-win32-arm64@npm:1.7.2"
  conditions: os=win32 & cpu=arm64
  languageName: node
  linkType: hard

"@biomejs/cli-win32-x64@npm:1.7.2":
  version: 1.7.2
  resolution: "@biomejs/cli-win32-x64@npm:1.7.2"
  conditions: os=win32 & cpu=x64
  languageName: node
  linkType: hard

"@nzws/zenn-articles@workspace:.":
  version: 0.0.0-use.local
  resolution: "@nzws/zenn-articles@workspace:."
  dependencies:
    "@biomejs/biome": "npm:1.7.2"
    zenn-cli: "npm:0.1.153"
  languageName: unknown
  linkType: soft

"zenn-cli@npm:0.1.153":
  version: 0.1.153
  resolution: "zenn-cli@npm:0.1.153"
  bin:
    zenn: dist/server/zenn.js
  checksum: 10c0/6ebfdf79b2c3afa7bb0214e0583d280ca5ec94951f9a3f7932e762257f12591a00b9590dce736b0594b966b5676dbf7978afe81053d63235f38e28b3b153ae38
  languageName: node
  linkType: hard
